{
    "version": 3,
    "terraform_version": "0.10.8",
    "serial": 238,
    "lineage": "473b07e5-8f03-4abf-b990-1dbf93eaba71",
    "modules": [
        {
            "path": [
                "root"
            ],
            "outputs": {},
            "resources": {},
            "depends_on": []
        },
        {
            "path": [
                "root",
                "autoscaling-group"
            ],
            "outputs": {
                "asg_id": {
                    "sensitive": false,
                    "type": "string",
                    "value": "asg"
                }
            },
            "resources": {
                "aws_autoscaling_group.asg": {
                    "type": "aws_autoscaling_group",
                    "depends_on": [],
                    "primary": {
                        "id": "asg",
                        "attributes": {
                            "arn": "arn:aws:autoscaling:us-east-2:974940938108:autoScalingGroup:e82a6ad8-3d93-44a4-a0e4-ba60b821eb2d:autoScalingGroupName/asg",
                            "availability_zones.#": "1",
                            "availability_zones.4293815384": "us-east-2a",
                            "default_cooldown": "300",
                            "desired_capacity": "2",
                            "force_delete": "true",
                            "health_check_grace_period": "300",
                            "health_check_type": "EC2",
                            "id": "asg",
                            "launch_configuration": "terraform-20171126165559811200000001",
                            "load_balancers.#": "1",
                            "load_balancers.3607634164": "tomcat-elb",
                            "max_size": "10",
                            "metrics_granularity": "1Minute",
                            "min_size": "2",
                            "name": "asg",
                            "placement_group": "",
                            "protect_from_scale_in": "false",
                            "suspended_processes.#": "0",
                            "tag.#": "1",
                            "tag.277666185.key": "Name",
                            "tag.277666185.propagate_at_launch": "true",
                            "tag.277666185.value": "terraform_asg",
                            "target_group_arns.#": "0",
                            "termination_policies.#": "0",
                            "vpc_zone_identifier.#": "1",
                            "vpc_zone_identifier.854438310": "subnet-9439d1fc",
                            "wait_for_capacity_timeout": "10m",
                            "wait_for_elb_capacity": "0"
                        },
                        "meta": {
                            "e2bfb730-ecaa-11e6-8f88-34363bc7c4c0": {
                                "delete": 600000000000
                            }
                        },
                        "tainted": false
                    },
                    "deposed": [],
                    "provider": ""
                },
                "aws_autoscaling_policy.scale_down": {
                    "type": "aws_autoscaling_policy",
                    "depends_on": [
                        "aws_autoscaling_group.asg"
                    ],
                    "primary": {
                        "id": "terraform_asg_scale_down",
                        "attributes": {
                            "adjustment_type": "ChangeInCapacity",
                            "arn": "arn:aws:autoscaling:us-east-2:974940938108:scalingPolicy:6cf54bae-9552-4df1-9019-97e40336d8a5:autoScalingGroupName/asg:policyName/terraform_asg_scale_down",
                            "autoscaling_group_name": "asg",
                            "cooldown": "60",
                            "estimated_instance_warmup": "0",
                            "id": "terraform_asg_scale_down",
                            "metric_aggregation_type": "",
                            "min_adjustment_step": "0",
                            "name": "terraform_asg_scale_down",
                            "policy_type": "SimpleScaling",
                            "scaling_adjustment": "-1",
                            "step_adjustment.#": "0"
                        },
                        "meta": {},
                        "tainted": false
                    },
                    "deposed": [],
                    "provider": ""
                },
                "aws_autoscaling_policy.scale_up": {
                    "type": "aws_autoscaling_policy",
                    "depends_on": [
                        "aws_autoscaling_group.asg"
                    ],
                    "primary": {
                        "id": "terraform_asg_scale_up",
                        "attributes": {
                            "adjustment_type": "ChangeInCapacity",
                            "arn": "arn:aws:autoscaling:us-east-2:974940938108:scalingPolicy:b950e892-3d0b-4f7c-b661-f586bf529748:autoScalingGroupName/asg:policyName/terraform_asg_scale_up",
                            "autoscaling_group_name": "asg",
                            "cooldown": "60",
                            "estimated_instance_warmup": "0",
                            "id": "terraform_asg_scale_up",
                            "metric_aggregation_type": "",
                            "min_adjustment_step": "0",
                            "name": "terraform_asg_scale_up",
                            "policy_type": "SimpleScaling",
                            "scaling_adjustment": "2",
                            "step_adjustment.#": "0"
                        },
                        "meta": {},
                        "tainted": false
                    },
                    "deposed": [],
                    "provider": ""
                },
                "aws_cloudwatch_metric_alarm.scale_down_alarm": {
                    "type": "aws_cloudwatch_metric_alarm",
                    "depends_on": [
                        "aws_autoscaling_group.asg",
                        "aws_autoscaling_policy.scale_down"
                    ],
                    "primary": {
                        "id": "terraform-demo-low-asg-cpu",
                        "attributes": {
                            "actions_enabled": "true",
                            "alarm_actions.#": "1",
                            "alarm_actions.2359132973": "arn:aws:autoscaling:us-east-2:974940938108:scalingPolicy:6cf54bae-9552-4df1-9019-97e40336d8a5:autoScalingGroupName/asg:policyName/terraform_asg_scale_down",
                            "alarm_description": "EC2 CPU Utilization",
                            "alarm_name": "terraform-demo-low-asg-cpu",
                            "comparison_operator": "LessThanThreshold",
                            "dimensions.%": "1",
                            "dimensions.AutoScalingGroupName": "asg",
                            "evaluate_low_sample_count_percentiles": "",
                            "evaluation_periods": "5",
                            "extended_statistic": "",
                            "id": "terraform-demo-low-asg-cpu",
                            "insufficient_data_actions.#": "0",
                            "metric_name": "CPUUtilization",
                            "namespace": "AWS/EC2",
                            "ok_actions.#": "0",
                            "period": "120",
                            "statistic": "Average",
                            "threshold": "30",
                            "treat_missing_data": "missing",
                            "unit": ""
                        },
                        "meta": {
                            "schema_version": "1"
                        },
                        "tainted": false
                    },
                    "deposed": [],
                    "provider": ""
                },
                "aws_cloudwatch_metric_alarm.scale_up_alarm": {
                    "type": "aws_cloudwatch_metric_alarm",
                    "depends_on": [
                        "aws_autoscaling_group.asg",
                        "aws_autoscaling_policy.scale_up"
                    ],
                    "primary": {
                        "id": "terraform-demo-high-asg-cpu",
                        "attributes": {
                            "actions_enabled": "true",
                            "alarm_actions.#": "1",
                            "alarm_actions.1659625394": "arn:aws:autoscaling:us-east-2:974940938108:scalingPolicy:b950e892-3d0b-4f7c-b661-f586bf529748:autoScalingGroupName/asg:policyName/terraform_asg_scale_up",
                            "alarm_description": "EC2 CPU Utilization",
                            "alarm_name": "terraform-demo-high-asg-cpu",
                            "comparison_operator": "GreaterThanThreshold",
                            "dimensions.%": "1",
                            "dimensions.AutoScalingGroupName": "asg",
                            "evaluate_low_sample_count_percentiles": "",
                            "evaluation_periods": "2",
                            "extended_statistic": "",
                            "id": "terraform-demo-high-asg-cpu",
                            "insufficient_data_actions.#": "0",
                            "metric_name": "CPUUtilization",
                            "namespace": "AWS/EC2",
                            "ok_actions.#": "0",
                            "period": "120",
                            "statistic": "Average",
                            "threshold": "80",
                            "treat_missing_data": "missing",
                            "unit": ""
                        },
                        "meta": {
                            "schema_version": "1"
                        },
                        "tainted": false
                    },
                    "deposed": [],
                    "provider": ""
                }
            },
            "depends_on": []
        },
        {
            "path": [
                "root",
                "instances"
            ],
            "outputs": {
                "instance_id": {
                    "sensitive": false,
                    "type": "string",
                    "value": "ami-118fa174"
                },
                "server_id": {
                    "sensitive": false,
                    "type": "list",
                    "value": [
                        "i-05b541bf5fa31090b"
                    ]
                }
            },
            "resources": {
                "aws_ami_from_instance.tomcat": {
                    "type": "aws_ami_from_instance",
                    "depends_on": [
                        "aws_instance.tomcat"
                    ],
                    "primary": {
                        "id": "ami-118fa174",
                        "attributes": {
                            "architecture": "x86_64",
                            "description": "",
                            "ebs_block_device.#": "1",
                            "ebs_block_device.39692105.delete_on_termination": "true",
                            "ebs_block_device.39692105.device_name": "/dev/sda1",
                            "ebs_block_device.39692105.encrypted": "false",
                            "ebs_block_device.39692105.iops": "0",
                            "ebs_block_device.39692105.snapshot_id": "snap-090ab2843fedd64b7",
                            "ebs_block_device.39692105.volume_size": "10",
                            "ebs_block_device.39692105.volume_type": "gp2",
                            "ephemeral_block_device.#": "0",
                            "id": "ami-118fa174",
                            "image_location": "974940938108/tomcat_ami",
                            "kernel_id": "",
                            "manage_ebs_snapshots": "true",
                            "name": "tomcat_ami",
                            "ramdisk_id": "",
                            "root_device_name": "/dev/sda1",
                            "root_snapshot_id": "snap-090ab2843fedd64b7",
                            "source_instance_id": "i-05b541bf5fa31090b",
                            "sriov_net_support": "simple",
                            "tags.%": "0",
                            "virtualization_type": "hvm"
                        },
                        "meta": {
                            "e2bfb730-ecaa-11e6-8f88-34363bc7c4c0": {
                                "create": 2400000000000,
                                "delete": 5400000000000,
                                "update": 2400000000000
                            }
                        },
                        "tainted": false
                    },
                    "deposed": [],
                    "provider": ""
                },
                "aws_instance.tomcat": {
                    "type": "aws_instance",
                    "depends_on": [
                        "data.template_file.hibernate"
                    ],
                    "primary": {
                        "id": "i-05b541bf5fa31090b",
                        "attributes": {
                            "ami": "ami-cfdafaaa",
                            "associate_public_ip_address": "true",
                            "availability_zone": "us-east-2a",
                            "disable_api_termination": "false",
                            "ebs_block_device.#": "0",
                            "ebs_optimized": "false",
                            "ephemeral_block_device.#": "0",
                            "iam_instance_profile": "",
                            "id": "i-05b541bf5fa31090b",
                            "instance_state": "running",
                            "instance_type": "t2.micro",
                            "ipv6_addresses.#": "0",
                            "key_name": "project_key",
                            "monitoring": "false",
                            "network_interface.#": "0",
                            "network_interface_id": "eni-f6fdb0a9",
                            "primary_network_interface_id": "eni-f6fdb0a9",
                            "private_dns": "ip-172-31-2-132.us-east-2.compute.internal",
                            "private_ip": "172.31.2.132",
                            "public_dns": "ec2-18-221-196-30.us-east-2.compute.amazonaws.com",
                            "public_ip": "18.221.196.30",
                            "root_block_device.#": "1",
                            "root_block_device.0.delete_on_termination": "true",
                            "root_block_device.0.iops": "100",
                            "root_block_device.0.volume_size": "10",
                            "root_block_device.0.volume_type": "gp2",
                            "security_groups.#": "1",
                            "security_groups.2448118965": "launch-wizard-5",
                            "source_dest_check": "true",
                            "subnet_id": "subnet-9439d1fc",
                            "tags.%": "1",
                            "tags.Name": "tomcat-0",
                            "tenancy": "default",
                            "volume_tags.%": "0",
                            "vpc_security_group_ids.#": "0"
                        },
                        "meta": {
                            "e2bfb730-ecaa-11e6-8f88-34363bc7c4c0": {
                                "create": 600000000000,
                                "delete": 300000000000,
                                "update": 600000000000
                            },
                            "schema_version": "1"
                        },
                        "tainted": false
                    },
                    "deposed": [],
                    "provider": ""
                },
                "data.template_file.hibernate": {
                    "type": "template_file",
                    "depends_on": [],
                    "primary": {
                        "id": "330d3a6f612b44b0a6dd5a1140c4f8daaf9ade14dbc028049fd6b770c8af1cb1",
                        "attributes": {
                            "id": "330d3a6f612b44b0a6dd5a1140c4f8daaf9ade14dbc028049fd6b770c8af1cb1",
                            "rendered": "\u003c?xml version=\"1.0\" encoding=\"UTF-8\"?\u003e\n\u003c!DOCTYPE hibernate-configuration\n    PUBLIC \"-//Hibernate/Hibernate Configuration DTD//EN\"\n    \"http://hibernate.sourceforge.net/hibernate-configuration-3.0.dtd\"\u003e\n\n\u003chibernate-configuration\u003e\n        \u003csession-factory\u003e\n\n                \u003c!-- local connection properties --\u003e\n                \u003cproperty name=\"hibernate.connection.driver_class\"\u003ecom.mysql.jdbc.Driver\u003c/property\u003e\n                \u003cproperty name=\"dialect\"\u003eorg.hibernate.dialect.MySQL5Dialect\u003c/property\u003e\n                \u003cproperty name=\"hibernate.connection.url\"\u003ejdbc:mysql://aurora-cluster.cluster-c4zjsi4alkfl.us-east-2.rds.amazonaws.com:3306/production_db\u003c/property\u003e\n                \u003cproperty name=\"hibernate.connection.username\"\u003emary\u003c/property\u003e\n                \u003cproperty name=\"hibernate.connection.password\"\u003epassword\u003c/property\u003e\n\n                \u003cproperty name=\"hibernate.hbm2ddl.auto\"\u003ecreate\u003c/property\u003e\n                \u003cproperty name=\"current_session_context_class\"\u003ethread\u003c/property\u003e\n\n                \u003cproperty name=\"show_sql\"\u003etrue\u003c/property\u003e\n\n                \u003cmapping class=\"com.softserveinc.edu.oms.domain.entities.Role\" /\u003e\n                \u003cmapping class=\"com.softserveinc.edu.oms.domain.entities.Region\" /\u003e\n                \u003cmapping class=\"com.softserveinc.edu.oms.domain.entities.CustomerType\" /\u003e\n                \u003cmapping class=\"com.softserveinc.edu.oms.domain.entities.User\" /\u003e\n                \u003cmapping class=\"com.softserveinc.edu.oms.domain.entities.OrderStatus\" /\u003e\n                \u003cmapping class=\"com.softserveinc.edu.oms.domain.entities.Order\" /\u003e\n                \u003cmapping class=\"com.softserveinc.edu.oms.domain.entities.Product\" /\u003e\n                \u003cmapping class=\"com.softserveinc.edu.oms.domain.entities.Dimension\" /\u003e\n                \u003cmapping class=\"com.softserveinc.edu.oms.domain.entities.OrderItem\" /\u003e\n                \u003cmapping class=\"com.softserveinc.edu.oms.domain.entities.CreditCardType\" /\u003e\n\n        \u003c/session-factory\u003e\n\u003c/hibernate-configuration\u003e\n\n\n",
                            "template": "\u003c?xml version=\"1.0\" encoding=\"UTF-8\"?\u003e\n\u003c!DOCTYPE hibernate-configuration\n    PUBLIC \"-//Hibernate/Hibernate Configuration DTD//EN\"\n    \"http://hibernate.sourceforge.net/hibernate-configuration-3.0.dtd\"\u003e\n\n\u003chibernate-configuration\u003e\n        \u003csession-factory\u003e\n\n                \u003c!-- local connection properties --\u003e\n                \u003cproperty name=\"hibernate.connection.driver_class\"\u003ecom.mysql.jdbc.Driver\u003c/property\u003e\n                \u003cproperty name=\"dialect\"\u003eorg.hibernate.dialect.MySQL5Dialect\u003c/property\u003e\n                \u003cproperty name=\"hibernate.connection.url\"\u003ejdbc:mysql://${db_url}:3306/${db_name}\u003c/property\u003e\n                \u003cproperty name=\"hibernate.connection.username\"\u003e${db_user}\u003c/property\u003e\n                \u003cproperty name=\"hibernate.connection.password\"\u003e${db_pass}\u003c/property\u003e\n\n                \u003cproperty name=\"hibernate.hbm2ddl.auto\"\u003ecreate\u003c/property\u003e\n                \u003cproperty name=\"current_session_context_class\"\u003ethread\u003c/property\u003e\n\n                \u003cproperty name=\"show_sql\"\u003etrue\u003c/property\u003e\n\n                \u003cmapping class=\"com.softserveinc.edu.oms.domain.entities.Role\" /\u003e\n                \u003cmapping class=\"com.softserveinc.edu.oms.domain.entities.Region\" /\u003e\n                \u003cmapping class=\"com.softserveinc.edu.oms.domain.entities.CustomerType\" /\u003e\n                \u003cmapping class=\"com.softserveinc.edu.oms.domain.entities.User\" /\u003e\n                \u003cmapping class=\"com.softserveinc.edu.oms.domain.entities.OrderStatus\" /\u003e\n                \u003cmapping class=\"com.softserveinc.edu.oms.domain.entities.Order\" /\u003e\n                \u003cmapping class=\"com.softserveinc.edu.oms.domain.entities.Product\" /\u003e\n                \u003cmapping class=\"com.softserveinc.edu.oms.domain.entities.Dimension\" /\u003e\n                \u003cmapping class=\"com.softserveinc.edu.oms.domain.entities.OrderItem\" /\u003e\n                \u003cmapping class=\"com.softserveinc.edu.oms.domain.entities.CreditCardType\" /\u003e\n\n        \u003c/session-factory\u003e\n\u003c/hibernate-configuration\u003e\n\n\n",
                            "vars.%": "4",
                            "vars.db_name": "production_db",
                            "vars.db_pass": "password",
                            "vars.db_url": "aurora-cluster.cluster-c4zjsi4alkfl.us-east-2.rds.amazonaws.com",
                            "vars.db_user": "mary"
                        },
                        "meta": {},
                        "tainted": false
                    },
                    "deposed": [],
                    "provider": ""
                }
            },
            "depends_on": []
        },
        {
            "path": [
                "root",
                "launch-configuration"
            ],
            "outputs": {
                "lc_id": {
                    "sensitive": false,
                    "type": "string",
                    "value": "terraform-20171126165559811200000001"
                },
                "lc_name": {
                    "sensitive": false,
                    "type": "string",
                    "value": "terraform-20171126165559811200000001"
                }
            },
            "resources": {
                "aws_ami_from_instance.tomcat": {
                    "type": "aws_ami_from_instance",
                    "depends_on": [],
                    "primary": {
                        "id": "",
                        "attributes": {},
                        "meta": {},
                        "tainted": false
                    },
                    "deposed": [
                        {
                            "id": "ami-b9bb95dc",
                            "attributes": {
                                "architecture": "x86_64",
                                "description": "",
                                "ebs_block_device.#": "1",
                                "ebs_block_device.850587720.delete_on_termination": "true",
                                "ebs_block_device.850587720.device_name": "/dev/sda1",
                                "ebs_block_device.850587720.encrypted": "false",
                                "ebs_block_device.850587720.iops": "0",
                                "ebs_block_device.850587720.snapshot_id": "snap-0f9fba504b09fd23b",
                                "ebs_block_device.850587720.volume_size": "10",
                                "ebs_block_device.850587720.volume_type": "gp2",
                                "ephemeral_block_device.#": "0",
                                "id": "ami-b9bb95dc",
                                "image_location": "974940938108/tomcat_ami",
                                "kernel_id": "",
                                "manage_ebs_snapshots": "true",
                                "name": "tomcat_ami",
                                "ramdisk_id": "",
                                "root_device_name": "/dev/sda1",
                                "root_snapshot_id": "snap-0f9fba504b09fd23b",
                                "source_instance_id": "i-0cfc07c54503cdf98",
                                "sriov_net_support": "simple",
                                "tags.%": "0",
                                "virtualization_type": "hvm"
                            },
                            "meta": {
                                "e2bfb730-ecaa-11e6-8f88-34363bc7c4c0": {
                                    "create": 2400000000000,
                                    "delete": 5400000000000,
                                    "update": 2400000000000
                                }
                            },
                            "tainted": false
                        }
                    ],
                    "provider": ""
                },
                "aws_launch_configuration.lc": {
                    "type": "aws_launch_configuration",
                    "depends_on": [],
                    "primary": {
                        "id": "terraform-20171126165559811200000001",
                        "attributes": {
                            "associate_public_ip_address": "false",
                            "ebs_block_device.#": "0",
                            "ebs_optimized": "false",
                            "enable_monitoring": "true",
                            "ephemeral_block_device.#": "0",
                            "iam_instance_profile": "",
                            "id": "terraform-20171126165559811200000001",
                            "image_id": "ami-118fa174",
                            "instance_type": "t2.micro",
                            "key_name": "project_key",
                            "name": "terraform-20171126165559811200000001",
                            "root_block_device.#": "0",
                            "security_groups.#": "1",
                            "security_groups.1711161414": "sg-e92a7c81",
                            "spot_price": "",
                            "vpc_classic_link_id": "",
                            "vpc_classic_link_security_groups.#": "0"
                        },
                        "meta": {},
                        "tainted": false
                    },
                    "deposed": [],
                    "provider": ""
                }
            },
            "depends_on": []
        },
        {
            "path": [
                "root",
                "load-balancer"
            ],
            "outputs": {
                "elb_name": {
                    "sensitive": false,
                    "type": "string",
                    "value": "tomcat-elb"
                }
            },
            "resources": {
                "aws_elb.tomcat-elb": {
                    "type": "aws_elb",
                    "depends_on": [],
                    "primary": {
                        "id": "tomcat-elb",
                        "attributes": {
                            "access_logs.#": "0",
                            "availability_zones.#": "1",
                            "availability_zones.4293815384": "us-east-2a",
                            "connection_draining": "true",
                            "connection_draining_timeout": "40",
                            "cross_zone_load_balancing": "true",
                            "dns_name": "tomcat-elb-1003550040.us-east-2.elb.amazonaws.com",
                            "health_check.#": "1",
                            "health_check.0.healthy_threshold": "10",
                            "health_check.0.interval": "30",
                            "health_check.0.target": "TCP:8080",
                            "health_check.0.timeout": "5",
                            "health_check.0.unhealthy_threshold": "2",
                            "id": "tomcat-elb",
                            "idle_timeout": "40",
                            "instances.#": "0",
                            "internal": "false",
                            "listener.#": "1",
                            "listener.3931999347.instance_port": "8080",
                            "listener.3931999347.instance_protocol": "http",
                            "listener.3931999347.lb_port": "80",
                            "listener.3931999347.lb_protocol": "http",
                            "listener.3931999347.ssl_certificate_id": "",
                            "name": "tomcat-elb",
                            "security_groups.#": "1",
                            "security_groups.1711161414": "sg-e92a7c81",
                            "source_security_group": "974940938108/launch-wizard-5",
                            "source_security_group_id": "sg-e92a7c81",
                            "subnets.#": "1",
                            "subnets.854438310": "subnet-9439d1fc",
                            "tags.%": "1",
                            "tags.Name": "tomcat-elb",
                            "zone_id": "Z3AADJGX6KTTL2"
                        },
                        "meta": {},
                        "tainted": false
                    },
                    "deposed": [],
                    "provider": ""
                }
            },
            "depends_on": []
        },
        {
            "path": [
                "root",
                "rds"
            ],
            "outputs": {
                "cluster_endpoint": {
                    "sensitive": false,
                    "type": "string",
                    "value": "aurora-cluster.cluster-c4zjsi4alkfl.us-east-2.rds.amazonaws.com"
                },
                "reader_endpoint": {
                    "sensitive": false,
                    "type": "string",
                    "value": "aurora-cluster.cluster-ro-c4zjsi4alkfl.us-east-2.rds.amazonaws.com"
                }
            },
            "resources": {
                "aws_rds_cluster.db_cluster": {
                    "type": "aws_rds_cluster",
                    "depends_on": [],
                    "primary": {
                        "id": "aurora-cluster",
                        "attributes": {
                            "availability_zones.#": "3",
                            "availability_zones.1726430690": "us-east-2b",
                            "availability_zones.299896180": "us-east-2c",
                            "availability_zones.4293815384": "us-east-2a",
                            "backup_retention_period": "1",
                            "cluster_identifier": "aurora-cluster",
                            "cluster_members.#": "1",
                            "cluster_members.1554942499": "cluster-instance-0",
                            "cluster_resource_id": "cluster-DOSCKL6R5TY2RCC4RM6VB74I6M",
                            "database_name": "production_db",
                            "db_cluster_parameter_group_name": "default.aurora5.6",
                            "db_subnet_group_name": "default",
                            "endpoint": "aurora-cluster.cluster-c4zjsi4alkfl.us-east-2.rds.amazonaws.com",
                            "engine": "aurora",
                            "engine_version": "5.6.10a",
                            "iam_database_authentication_enabled": "false",
                            "iam_roles.#": "0",
                            "id": "aurora-cluster",
                            "kms_key_id": "",
                            "master_password": "password",
                            "master_username": "mary",
                            "port": "3306",
                            "preferred_backup_window": "06:58-07:28",
                            "preferred_maintenance_window": "sun:08:46-sun:09:16",
                            "reader_endpoint": "aurora-cluster.cluster-ro-c4zjsi4alkfl.us-east-2.rds.amazonaws.com",
                            "replication_source_identifier": "",
                            "skip_final_snapshot": "false",
                            "storage_encrypted": "false",
                            "tags.%": "0",
                            "vpc_security_group_ids.#": "1",
                            "vpc_security_group_ids.2192746902": "sg-58500d30"
                        },
                        "meta": {
                            "e2bfb730-ecaa-11e6-8f88-34363bc7c4c0": {
                                "create": 7200000000000,
                                "delete": 7200000000000,
                                "update": 7200000000000
                            }
                        },
                        "tainted": false
                    },
                    "deposed": [],
                    "provider": ""
                },
                "aws_rds_cluster_instance.cluster_instances": {
                    "type": "aws_rds_cluster_instance",
                    "depends_on": [
                        "aws_rds_cluster.db_cluster"
                    ],
                    "primary": {
                        "id": "cluster-instance-0",
                        "attributes": {
                            "auto_minor_version_upgrade": "true",
                            "availability_zone": "us-east-2a",
                            "cluster_identifier": "aurora-cluster",
                            "db_parameter_group_name": "default.aurora5.6",
                            "dbi_resource_id": "db-NVA3SWGM76I7SAIRWKVQ5W7SJE",
                            "endpoint": "cluster-instance-0.c4zjsi4alkfl.us-east-2.rds.amazonaws.com",
                            "engine": "aurora",
                            "engine_version": "5.6.10a",
                            "id": "cluster-instance-0",
                            "identifier": "cluster-instance-0",
                            "instance_class": "db.t2.small",
                            "kms_key_id": "",
                            "monitoring_interval": "0",
                            "port": "3306",
                            "preferred_backup_window": "06:58-07:28",
                            "preferred_maintenance_window": "thu:09:18-thu:09:48",
                            "promotion_tier": "0",
                            "publicly_accessible": "false",
                            "storage_encrypted": "false",
                            "tags.%": "0",
                            "writer": "true"
                        },
                        "meta": {
                            "e2bfb730-ecaa-11e6-8f88-34363bc7c4c0": {
                                "create": 5400000000000,
                                "delete": 5400000000000,
                                "update": 5400000000000
                            }
                        },
                        "tainted": false
                    },
                    "deposed": [],
                    "provider": ""
                }
            },
            "depends_on": []
        }
    ]
}
