{
    "version": 3,
    "terraform_version": "0.10.8",
    "serial": 214,
    "lineage": "473b07e5-8f03-4abf-b990-1dbf93eaba71",
    "modules": [
        {
            "path": [
                "root"
            ],
            "outputs": {},
            "resources": {},
            "depends_on": []
        },
        {
            "path": [
                "root",
                "autoscaling-group"
            ],
            "outputs": {
                "asg_id": {
                    "sensitive": false,
                    "type": "string",
                    "value": "asg"
                }
            },
            "resources": {},
            "depends_on": []
        },
        {
            "path": [
                "root",
                "instances"
            ],
            "outputs": {},
            "resources": {
                "aws_instance.tomcat": {
                    "type": "aws_instance",
                    "depends_on": [],
                    "primary": {
                        "id": "i-028a53e40966ba757",
                        "attributes": {
                            "ami": "ami-cfdafaaa",
                            "associate_public_ip_address": "true",
                            "availability_zone": "us-east-2a",
                            "disable_api_termination": "false",
                            "ebs_block_device.#": "0",
                            "ebs_optimized": "false",
                            "ephemeral_block_device.#": "0",
                            "iam_instance_profile": "",
                            "id": "i-028a53e40966ba757",
                            "instance_state": "running",
                            "instance_type": "t2.micro",
                            "ipv6_addresses.#": "0",
                            "key_name": "project_key",
                            "monitoring": "false",
                            "network_interface.#": "0",
                            "network_interface_id": "eni-9595d6ca",
                            "primary_network_interface_id": "eni-9595d6ca",
                            "private_dns": "ip-172-31-15-215.us-east-2.compute.internal",
                            "private_ip": "172.31.15.215",
                            "public_dns": "ec2-13-59-246-44.us-east-2.compute.amazonaws.com",
                            "public_ip": "13.59.246.44",
                            "root_block_device.#": "1",
                            "root_block_device.0.delete_on_termination": "true",
                            "root_block_device.0.iops": "100",
                            "root_block_device.0.volume_size": "10",
                            "root_block_device.0.volume_type": "gp2",
                            "security_groups.#": "1",
                            "security_groups.2448118965": "launch-wizard-5",
                            "source_dest_check": "true",
                            "subnet_id": "subnet-9439d1fc",
                            "tags.%": "1",
                            "tags.Name": "tomcat-0",
                            "tenancy": "default",
                            "volume_tags.%": "0",
                            "vpc_security_group_ids.#": "0"
                        },
                        "meta": {
                            "e2bfb730-ecaa-11e6-8f88-34363bc7c4c0": {
                                "create": 600000000000,
                                "delete": 300000000000,
                                "update": 600000000000
                            },
                            "schema_version": "1"
                        },
                        "tainted": false
                    },
                    "deposed": [],
                    "provider": ""
                }
            },
            "depends_on": []
        },
        {
            "path": [
                "root",
                "launch-configuration"
            ],
            "outputs": {
                "lc_id": {
                    "sensitive": false,
                    "type": "string",
                    "value": "terraform-20171125174734002500000001"
                },
                "lc_name": {
                    "sensitive": false,
                    "type": "string",
                    "value": "terraform-20171125174734002500000001"
                }
            },
            "resources": {
                "aws_ami_from_instance.tomcat": {
                    "type": "aws_ami_from_instance",
                    "depends_on": [],
                    "primary": {
                        "id": "",
                        "attributes": {},
                        "meta": {},
                        "tainted": false
                    },
                    "deposed": [
                        {
                            "id": "ami-b9bb95dc",
                            "attributes": {
                                "architecture": "x86_64",
                                "description": "",
                                "ebs_block_device.#": "1",
                                "ebs_block_device.850587720.delete_on_termination": "true",
                                "ebs_block_device.850587720.device_name": "/dev/sda1",
                                "ebs_block_device.850587720.encrypted": "false",
                                "ebs_block_device.850587720.iops": "0",
                                "ebs_block_device.850587720.snapshot_id": "snap-0f9fba504b09fd23b",
                                "ebs_block_device.850587720.volume_size": "10",
                                "ebs_block_device.850587720.volume_type": "gp2",
                                "ephemeral_block_device.#": "0",
                                "id": "ami-b9bb95dc",
                                "image_location": "974940938108/tomcat_ami",
                                "kernel_id": "",
                                "manage_ebs_snapshots": "true",
                                "name": "tomcat_ami",
                                "ramdisk_id": "",
                                "root_device_name": "/dev/sda1",
                                "root_snapshot_id": "snap-0f9fba504b09fd23b",
                                "source_instance_id": "i-0cfc07c54503cdf98",
                                "sriov_net_support": "simple",
                                "tags.%": "0",
                                "virtualization_type": "hvm"
                            },
                            "meta": {
                                "e2bfb730-ecaa-11e6-8f88-34363bc7c4c0": {
                                    "create": 2400000000000,
                                    "delete": 5400000000000,
                                    "update": 2400000000000
                                }
                            },
                            "tainted": false
                        }
                    ],
                    "provider": ""
                }
            },
            "depends_on": []
        },
        {
            "path": [
                "root",
                "load-balancer"
            ],
            "outputs": {
                "elb_name": {
                    "sensitive": false,
                    "type": "string",
                    "value": "tomcat-elb"
                }
            },
            "resources": {},
            "depends_on": []
        },
        {
            "path": [
                "root",
                "rds"
            ],
            "outputs": {},
            "resources": {},
            "depends_on": []
        }
    ]
}
